
Microsoft Visual Studio Solution File, Format Version 12.00
# Visual Studio Version 16
VisualStudioVersion = 16.0.30330.147
MinimumVisualStudioVersion = 10.0.40219.1
Project("{FAE04EC0-301F-11D3-BF4B-00C04F79EFBC}") = "CDS.RoslynPadScripting", "CDS.RoslynPadScripting\CDS.RoslynPadScripting.csproj", "{A13AAEA3-5C27-44AF-9B96-F0AF5BE5CDB8}"
EndProject
Global
	GlobalSection(SolutionConfigurationPlatforms) = preSolution
		Debug|Any CPU = Debug|Any CPU
		Release|Any CPU = Release|Any CPU
	EndGlobalSection
	GlobalSection(ProjectConfigurationPlatforms) = postSolution
		{A13AAEA3-5C27-44AF-9B96-F0AF5BE5CDB8}.Debug|Any CPU.ActiveCfg = Debug|Any CPU
		{A13AAEA3-5C27-44AF-9B96-F0AF5BE5CDB8}.Debug|Any CPU.Build.0 = Debug|Any CPU
		{A13AAEA3-5C27-44AF-9B96-F0AF5BE5CDB8}.Release|Any CPU.ActiveCfg = Release|Any CPU
		{A13AAEA3-5C27-44AF-9B96-F0AF5BE5CDB8}.Release|Any CPU.Build.0 = Release|Any CPU
	EndGlobalSection
	GlobalSection(SolutionProperties) = preSolution
		HideSolutionNode = FALSE
	EndGlobalSection
	GlobalSection(ExtensibilityGlobals) = postSolution
		SolutionGuid = {2E248EE5-123D-4023-B3B0-283586D5545B}
	EndGlobalSection
EndGlobal
